
Microsoft Visual Studio Solution File, Format Version 12.00
# Visual Studio 2012
Project("{FAE04EC0-301F-11D3-BF4B-00C04F79EFBC}") = "WindAsciiToGlobalMapperScript", "WindAsciiToGlobalMapperScript\WindAsciiToGlobalMapperScript.csproj", "{2FCB34FD-7F1D-4A32-8613-D472E2674517}"
EndProject
Global
	GlobalSection(SolutionConfigurationPlatforms) = preSolution
		Debug|Any CPU = Debug|Any CPU
		Release|Any CPU = Release|Any CPU
	EndGlobalSection
	GlobalSection(ProjectConfigurationPlatforms) = postSolution
		{2FCB34FD-7F1D-4A32-8613-D472E2674517}.Debug|Any CPU.ActiveCfg = Debug|Any CPU
		{2FCB34FD-7F1D-4A32-8613-D472E2674517}.Debug|Any CPU.Build.0 = Debug|Any CPU
		{2FCB34FD-7F1D-4A32-8613-D472E2674517}.Release|Any CPU.ActiveCfg = Release|Any CPU
		{2FCB34FD-7F1D-4A32-8613-D472E2674517}.Release|Any CPU.Build.0 = Release|Any CPU
	EndGlobalSection
	GlobalSection(SolutionProperties) = preSolution
		HideSolutionNode = FALSE
	EndGlobalSection
EndGlobal
